
Microsoft Visual Studio Solution File, Format Version 12.00
# Visual Studio Version 16
VisualStudioVersion = 16.0.30002.166
MinimumVisualStudioVersion = 10.0.40219.1
Project("{FAE04EC0-301F-11D3-BF4B-00C04F79EFBC}") = "MyFinances.Api", "MyFinances.Api.csproj", "{7C12097E-A064-4158-A411-5069C5A465C5}"
EndProject
Project("{FAE04EC0-301F-11D3-BF4B-00C04F79EFBC}") = "MyFinances.Core", "..\MyFinances.Core\MyFinances.Core.csproj", "{58D897D0-D5C8-46A4-A3C8-8132DBDC63D8}"
EndProject
Project("{FAE04EC0-301F-11D3-BF4B-00C04F79EFBC}") = "MyFinances.CrossCutting", "..\MyFinances.CrossCutting\MyFinances.CrossCutting.csproj", "{5D361F81-46EA-4C2A-8CDB-86D1ED7A8A8D}"
EndProject
Project("{FAE04EC0-301F-11D3-BF4B-00C04F79EFBC}") = "MyFinances.Domain", "..\MyFinances.Domain\MyFinances.Domain.csproj", "{A5049A26-0B58-4D1B-8010-E2887F900A6C}"
EndProject
Project("{FAE04EC0-301F-11D3-BF4B-00C04F79EFBC}") = "MyFinances.Infra", "..\MyFinances.Infra\MyFinances.Infra.csproj", "{7AB17FB5-A695-4A0C-B527-1DD6533FF9F4}"
EndProject
Global
	GlobalSection(SolutionConfigurationPlatforms) = preSolution
		Debug|Any CPU = Debug|Any CPU
		Release|Any CPU = Release|Any CPU
	EndGlobalSection
	GlobalSection(ProjectConfigurationPlatforms) = postSolution
		{7C12097E-A064-4158-A411-5069C5A465C5}.Debug|Any CPU.ActiveCfg = Debug|Any CPU
		{7C12097E-A064-4158-A411-5069C5A465C5}.Debug|Any CPU.Build.0 = Debug|Any CPU
		{7C12097E-A064-4158-A411-5069C5A465C5}.Release|Any CPU.ActiveCfg = Release|Any CPU
		{7C12097E-A064-4158-A411-5069C5A465C5}.Release|Any CPU.Build.0 = Release|Any CPU
		{58D897D0-D5C8-46A4-A3C8-8132DBDC63D8}.Debug|Any CPU.ActiveCfg = Debug|Any CPU
		{58D897D0-D5C8-46A4-A3C8-8132DBDC63D8}.Debug|Any CPU.Build.0 = Debug|Any CPU
		{58D897D0-D5C8-46A4-A3C8-8132DBDC63D8}.Release|Any CPU.ActiveCfg = Release|Any CPU
		{58D897D0-D5C8-46A4-A3C8-8132DBDC63D8}.Release|Any CPU.Build.0 = Release|Any CPU
		{5D361F81-46EA-4C2A-8CDB-86D1ED7A8A8D}.Debug|Any CPU.ActiveCfg = Debug|Any CPU
		{5D361F81-46EA-4C2A-8CDB-86D1ED7A8A8D}.Debug|Any CPU.Build.0 = Debug|Any CPU
		{5D361F81-46EA-4C2A-8CDB-86D1ED7A8A8D}.Release|Any CPU.ActiveCfg = Release|Any CPU
		{5D361F81-46EA-4C2A-8CDB-86D1ED7A8A8D}.Release|Any CPU.Build.0 = Release|Any CPU
		{A5049A26-0B58-4D1B-8010-E2887F900A6C}.Debug|Any CPU.ActiveCfg = Debug|Any CPU
		{A5049A26-0B58-4D1B-8010-E2887F900A6C}.Debug|Any CPU.Build.0 = Debug|Any CPU
		{A5049A26-0B58-4D1B-8010-E2887F900A6C}.Release|Any CPU.ActiveCfg = Release|Any CPU
		{A5049A26-0B58-4D1B-8010-E2887F900A6C}.Release|Any CPU.Build.0 = Release|Any CPU
		{7AB17FB5-A695-4A0C-B527-1DD6533FF9F4}.Debug|Any CPU.ActiveCfg = Debug|Any CPU
		{7AB17FB5-A695-4A0C-B527-1DD6533FF9F4}.Debug|Any CPU.Build.0 = Debug|Any CPU
		{7AB17FB5-A695-4A0C-B527-1DD6533FF9F4}.Release|Any CPU.ActiveCfg = Release|Any CPU
		{7AB17FB5-A695-4A0C-B527-1DD6533FF9F4}.Release|Any CPU.Build.0 = Release|Any CPU
	EndGlobalSection
	GlobalSection(SolutionProperties) = preSolution
		HideSolutionNode = FALSE
	EndGlobalSection
	GlobalSection(ExtensibilityGlobals) = postSolution
		SolutionGuid = {82CE7D27-32E9-49F3-86B5-A8516F9D0C71}
	EndGlobalSection
EndGlobal
